PODS:
  - Alamofire (4.9.1)
  - IQKeyboardManagerSwift (6.5.4)
  - Kingfisher (5.10.0):
    - Kingfisher/Core (= 5.10.0)
  - Kingfisher/Core (5.10.0)
  - Moya (13.0.1):
    - Moya/Core (= 13.0.1)
  - Moya/Core (13.0.1):
    - Alamofire (~> 4.1)
    - Result (~> 4.1)
  - Nimble (8.0.4)
  - PKHUD (5.3.0)
  - Quick (2.2.0)
  - Result (4.1.0)
  - SwiftLint (0.37.0)
  - Swinject (2.6.2)
  - SwinjectStoryboard (2.2.0):
    - Swinject (~> 2.6)

DEPENDENCIES:
  - IQKeyboardManagerSwift
  - Kingfisher
  - Moya (~> 13.0)
  - Nimble
  - PKHUD (~> 5.0)
  - Quick
  - SwiftLint
  - Swinject (~> 2.6.2)
  - SwinjectStoryboard

SPEC REPOS:
  trunk:
    - Alamofire
    - IQKeyboardManagerSwift
    - Kingfisher
    - Moya
    - Nimble
    - PKHUD
    - Quick
    - Result
    - SwiftLint
    - Swinject
    - SwinjectStoryboard

SPEC CHECKSUMS:
  Alamofire: 85e8a02c69d6020a0d734f6054870d7ecb75cf18
  IQKeyboardManagerSwift: 2dde0fc70110e8eac7ccce2a46fdbec6a850b414
  Kingfisher: 0bf6eae7c2193f15719915fecb7c2c1c03855f3d
  Moya: f4a4b80ff2f8a4ffc208dfb31cd91636622fee6e
  Nimble: 18d5360282923225d62b09d781f63abc1a0111fc
  PKHUD: 98f3e4bc904b9c916f1c5bb6d765365b5357291b
  Quick: 7fb19e13be07b5dfb3b90d4f9824c855a11af40e
  Result: bd966fac789cc6c1563440b348ab2598cc24d5c7
  SwiftLint: c078a14d7d7ade75e5507795d185e3da41d844d2
  Swinject: cf7458774b1b00323080a9c67e47a1ee7f9d2af1
  SwinjectStoryboard: 32512ef16c2b0ff5b8f823b23539c4a50f6d3383

PODFILE CHECKSUM: 6df04669b0754a413ed1e0147493c85952ef5bff

COCOAPODS: 1.8.4
