// !$*UTF8*$!
{
	archiveVersion = 1;
	classes = {
	};
	objectVersion = 51;
	objects = {

/* Begin PBXBuildFile section */
		1363D1F55541F7E991C2665A /* Pods_wedding.framework in Frameworks */ = {isa = PBXBuildFile; fileRef = CE025559115A7A1FC8494A50 /* Pods_wedding.framework */; };
		2DDEA991A1F9FDED435E4C7B /* Pods_weddingTests.framework in Frameworks */ = {isa = PBXBuildFile; fileRef = 7BA3E99871113A8F19BB47F9 /* Pods_weddingTests.framework */; };
		A7EAEC80F3FA4D3A4B4F3BA1 /* Pods_weddingUITests.framework in Frameworks */ = {isa = PBXBuildFile; fileRef = 16A4EEF02B3FAE1AD46C43E9 /* Pods_weddingUITests.framework */; };
		E374930D238434CD006E94B6 /* ApplicationModule.swift in Sources */ = {isa = PBXBuildFile; fileRef = E374930C238434CD006E94B6 /* ApplicationModule.swift */; };
		E3C1A09F238645D100B62EE2 /* UIColorExt.swift in Sources */ = {isa = PBXBuildFile; fileRef = E3C1A09E238645D100B62EE2 /* UIColorExt.swift */; };
		E82F6F3622130CB20098204F /* Date+offset.swift in Sources */ = {isa = PBXBuildFile; fileRef = E82F6F3522130CB10098204F /* Date+offset.swift */; };
		E82F6F38221317430098204F /* RegisterViewController.swift in Sources */ = {isa = PBXBuildFile; fileRef = E82F6F37221317430098204F /* RegisterViewController.swift */; };
		E82F6F3A221317810098204F /* Register.storyboard in Resources */ = {isa = PBXBuildFile; fileRef = E82F6F39221317810098204F /* Register.storyboard */; };
		E82F6F3C2213368A0098204F /* RegisterView.swift in Sources */ = {isa = PBXBuildFile; fileRef = E82F6F3B2213368A0098204F /* RegisterView.swift */; };
		E82F6F3E221336E90098204F /* RegisterPresenter.swift in Sources */ = {isa = PBXBuildFile; fileRef = E82F6F3D221336E90098204F /* RegisterPresenter.swift */; };
		E82F6F4922134AF30098204F /* Gift.swift in Sources */ = {isa = PBXBuildFile; fileRef = E82F6F4822134AF30098204F /* Gift.swift */; };
		E82F6F4B22134BB10098204F /* GiftRepository.swift in Sources */ = {isa = PBXBuildFile; fileRef = E82F6F4A22134BB10098204F /* GiftRepository.swift */; };
		E878FA992211BA88005A5FF8 /* UIApplication+topViewController.swift in Sources */ = {isa = PBXBuildFile; fileRef = E878FA982211BA88005A5FF8 /* UIApplication+topViewController.swift */; };
		E878FA9C2211BAE0005A5FF8 /* Screen.swift in Sources */ = {isa = PBXBuildFile; fileRef = E878FA9A2211BAE0005A5FF8 /* Screen.swift */; };
		E878FA9D2211BAE0005A5FF8 /* Wireframe.swift in Sources */ = {isa = PBXBuildFile; fileRef = E878FA9B2211BAE0005A5FF8 /* Wireframe.swift */; };
		E878FA9F2211BB9A005A5FF8 /* PhotosView.swift in Sources */ = {isa = PBXBuildFile; fileRef = E878FA9E2211BB9A005A5FF8 /* PhotosView.swift */; };
		E878FAA12211BBEC005A5FF8 /* PhotosPresenter.swift in Sources */ = {isa = PBXBuildFile; fileRef = E878FAA02211BBEC005A5FF8 /* PhotosPresenter.swift */; };
		E878FAA32211BF2B005A5FF8 /* PhotosCollectionViewDataSource.swift in Sources */ = {isa = PBXBuildFile; fileRef = E878FAA22211BF2B005A5FF8 /* PhotosCollectionViewDataSource.swift */; };
		E878FAA52211C2E2005A5FF8 /* PhotosCollectionViewDelegate.swift in Sources */ = {isa = PBXBuildFile; fileRef = E878FAA42211C2E2005A5FF8 /* PhotosCollectionViewDelegate.swift */; };
		E878FAA72211C3B4005A5FF8 /* PhotosCollectionViewCell.swift in Sources */ = {isa = PBXBuildFile; fileRef = E878FAA62211C3B4005A5FF8 /* PhotosCollectionViewCell.swift */; };
		E878FAA92211CFD6005A5FF8 /* SitesTableViewCell.swift in Sources */ = {isa = PBXBuildFile; fileRef = E878FAA82211CFD6005A5FF8 /* SitesTableViewCell.swift */; };
		E878FAAB2211D1E1005A5FF8 /* SitesTableViewDataSource.swift in Sources */ = {isa = PBXBuildFile; fileRef = E878FAAA2211D1E1005A5FF8 /* SitesTableViewDataSource.swift */; };
		E878FAAD2211D1F2005A5FF8 /* SitesTableViewDelegate.swift in Sources */ = {isa = PBXBuildFile; fileRef = E878FAAC2211D1F2005A5FF8 /* SitesTableViewDelegate.swift */; };
		E878FAAF2211D3A1005A5FF8 /* SitesView.swift in Sources */ = {isa = PBXBuildFile; fileRef = E878FAAE2211D3A1005A5FF8 /* SitesView.swift */; };
		E878FAB12211D41F005A5FF8 /* SitesPresenter.swift in Sources */ = {isa = PBXBuildFile; fileRef = E878FAB02211D41F005A5FF8 /* SitesPresenter.swift */; };
		E878FAB32211D80E005A5FF8 /* HeaderTableViewCell.swift in Sources */ = {isa = PBXBuildFile; fileRef = E878FAB22211D80E005A5FF8 /* HeaderTableViewCell.swift */; };
		E878FAB52211E74E005A5FF8 /* WishTableViewCell.swift in Sources */ = {isa = PBXBuildFile; fileRef = E878FAB42211E74E005A5FF8 /* WishTableViewCell.swift */; };
		E878FAB72211E8E3005A5FF8 /* WishesTableViewDataSource.swift in Sources */ = {isa = PBXBuildFile; fileRef = E878FAB62211E8E3005A5FF8 /* WishesTableViewDataSource.swift */; };
		E878FAB92211E9FA005A5FF8 /* WishesTableViewDelegate.swift in Sources */ = {isa = PBXBuildFile; fileRef = E878FAB82211E9FA005A5FF8 /* WishesTableViewDelegate.swift */; };
		E878FABB2211EA6A005A5FF8 /* WishesView.swift in Sources */ = {isa = PBXBuildFile; fileRef = E878FABA2211EA6A005A5FF8 /* WishesView.swift */; };
		E878FABD2211EABB005A5FF8 /* WishesPresenter.swift in Sources */ = {isa = PBXBuildFile; fileRef = E878FABC2211EABB005A5FF8 /* WishesPresenter.swift */; };
		E878FAC02211F0C6005A5FF8 /* CreateWishViewController.swift in Sources */ = {isa = PBXBuildFile; fileRef = E878FABF2211F0C6005A5FF8 /* CreateWishViewController.swift */; };
		E878FAC22211F0FB005A5FF8 /* Wish.storyboard in Resources */ = {isa = PBXBuildFile; fileRef = E878FAC12211F0FB005A5FF8 /* Wish.storyboard */; };
		E878FAC52211FABC005A5FF8 /* DetailWishViewController.swift in Sources */ = {isa = PBXBuildFile; fileRef = E878FAC42211FABC005A5FF8 /* DetailWishViewController.swift */; };
		E878FAC7221204AF005A5FF8 /* AddPhotoViewController.swift in Sources */ = {isa = PBXBuildFile; fileRef = E878FAC6221204AF005A5FF8 /* AddPhotoViewController.swift */; };
		E878FACA22120E4B005A5FF8 /* Photos.storyboard in Resources */ = {isa = PBXBuildFile; fileRef = E878FAC922120E4B005A5FF8 /* Photos.storyboard */; };
		E878FACC22121186005A5FF8 /* AddPhotoView.swift in Sources */ = {isa = PBXBuildFile; fileRef = E878FACB22121186005A5FF8 /* AddPhotoView.swift */; };
		E878FACE221211D2005A5FF8 /* AddPhotoPresenter.swift in Sources */ = {isa = PBXBuildFile; fileRef = E878FACD221211D2005A5FF8 /* AddPhotoPresenter.swift */; };
		E878FAD122121D29005A5FF8 /* DetailPhotoViewController.swift in Sources */ = {isa = PBXBuildFile; fileRef = E878FAD022121D29005A5FF8 /* DetailPhotoViewController.swift */; };
		E88DBA4E220DC5F7009F490E /* AppDelegate.swift in Sources */ = {isa = PBXBuildFile; fileRef = E88DBA4D220DC5F7009F490E /* AppDelegate.swift */; };
		E88DBA55220DC5F9009F490E /* Assets.xcassets in Resources */ = {isa = PBXBuildFile; fileRef = E88DBA54220DC5F9009F490E /* Assets.xcassets */; };
		E88DBA58220DC5F9009F490E /* LaunchScreen.storyboard in Resources */ = {isa = PBXBuildFile; fileRef = E88DBA56220DC5F9009F490E /* LaunchScreen.storyboard */; };
		E88DBA63220DC5F9009F490E /* weddingTests.swift in Sources */ = {isa = PBXBuildFile; fileRef = E88DBA62220DC5F9009F490E /* weddingTests.swift */; };
		E88DBA6E220DC5F9009F490E /* weddingUITests.swift in Sources */ = {isa = PBXBuildFile; fileRef = E88DBA6D220DC5F9009F490E /* weddingUITests.swift */; };
		E88DBA80220DCE4A009F490E /* Repository.swift in Sources */ = {isa = PBXBuildFile; fileRef = E88DBA7F220DCE4A009F490E /* Repository.swift */; };
		E88DBA84220DCF38009F490E /* DataModule.swift in Sources */ = {isa = PBXBuildFile; fileRef = E88DBA83220DCF38009F490E /* DataModule.swift */; };
		E88DBA86220DCFCB009F490E /* UserApi.swift in Sources */ = {isa = PBXBuildFile; fileRef = E88DBA85220DCFCB009F490E /* UserApi.swift */; };
		E88DBA88220DCFDE009F490E /* SitesApi.swift in Sources */ = {isa = PBXBuildFile; fileRef = E88DBA87220DCFDE009F490E /* SitesApi.swift */; };
		E88DBA8A220DCFE9009F490E /* WishesApi.swift in Sources */ = {isa = PBXBuildFile; fileRef = E88DBA89220DCFE9009F490E /* WishesApi.swift */; };
		E88DBA8C220DCFFC009F490E /* PhotosApi.swift in Sources */ = {isa = PBXBuildFile; fileRef = E88DBA8B220DCFFC009F490E /* PhotosApi.swift */; };
		E88DBA8F220DD609009F490E /* UserRepository.swift in Sources */ = {isa = PBXBuildFile; fileRef = E88DBA8E220DD609009F490E /* UserRepository.swift */; };
		E88DBA91220DD679009F490E /* SitesRepository.swift in Sources */ = {isa = PBXBuildFile; fileRef = E88DBA90220DD679009F490E /* SitesRepository.swift */; };
		E88DBA93220DD682009F490E /* WishesRepository.swift in Sources */ = {isa = PBXBuildFile; fileRef = E88DBA92220DD682009F490E /* WishesRepository.swift */; };
		E88DBA95220DD690009F490E /* PhotosRepository.swift in Sources */ = {isa = PBXBuildFile; fileRef = E88DBA94220DD690009F490E /* PhotosRepository.swift */; };
		E88DBA97220DD72E009F490E /* Photo.swift in Sources */ = {isa = PBXBuildFile; fileRef = E88DBA96220DD72E009F490E /* Photo.swift */; };
		E88DBA99220DD769009F490E /* User.swift in Sources */ = {isa = PBXBuildFile; fileRef = E88DBA98220DD769009F490E /* User.swift */; };
		E88DBA9B220DD7A1009F490E /* Site.swift in Sources */ = {isa = PBXBuildFile; fileRef = E88DBA9A220DD7A1009F490E /* Site.swift */; };
		E88DBA9D220DD8C0009F490E /* Wish.swift in Sources */ = {isa = PBXBuildFile; fileRef = E88DBA9C220DD8C0009F490E /* Wish.swift */; };
		E88DBAA9220DDD7A009F490E /* BasePopup.swift in Sources */ = {isa = PBXBuildFile; fileRef = E88DBAA5220DDD7A009F490E /* BasePopup.swift */; };
		E88DBAAA220DDD7A009F490E /* BaseView.swift in Sources */ = {isa = PBXBuildFile; fileRef = E88DBAA6220DDD7A009F490E /* BaseView.swift */; };
		E88DBAAB220DDD7A009F490E /* BaseViewController.swift in Sources */ = {isa = PBXBuildFile; fileRef = E88DBAA7220DDD7A009F490E /* BaseViewController.swift */; };
		E88DBAAC220DDD7A009F490E /* BasePresenter.swift in Sources */ = {isa = PBXBuildFile; fileRef = E88DBAA8220DDD7A009F490E /* BasePresenter.swift */; };
		E88DBAB8220DE077009F490E /* PresentationModule.swift in Sources */ = {isa = PBXBuildFile; fileRef = E88DBAB7220DE077009F490E /* PresentationModule.swift */; };
		E88DBABC220DE0D2009F490E /* Constants.swift in Sources */ = {isa = PBXBuildFile; fileRef = E88DBABA220DE0D2009F490E /* Constants.swift */; };
		E88DBABD220DE0D2009F490E /* MediaUtils.swift in Sources */ = {isa = PBXBuildFile; fileRef = E88DBABB220DE0D2009F490E /* MediaUtils.swift */; };
		E88DBABF220DE315009F490E /* TabBarViewController.swift in Sources */ = {isa = PBXBuildFile; fileRef = E88DBABE220DE315009F490E /* TabBarViewController.swift */; };
		E88DBAC1220DE32E009F490E /* TabBar.storyboard in Resources */ = {isa = PBXBuildFile; fileRef = E88DBAC0220DE32E009F490E /* TabBar.storyboard */; };
		E88DBAC3220DE63A009F490E /* HomeViewController.swift in Sources */ = {isa = PBXBuildFile; fileRef = E88DBAC2220DE63A009F490E /* HomeViewController.swift */; };
		E88DBAC5220DE6B5009F490E /* SitesViewController.swift in Sources */ = {isa = PBXBuildFile; fileRef = E88DBAC4220DE6B5009F490E /* SitesViewController.swift */; };
		E88DBAC7220DE6F5009F490E /* PhotosViewController.swift in Sources */ = {isa = PBXBuildFile; fileRef = E88DBAC6220DE6F5009F490E /* PhotosViewController.swift */; };
		E88DBACB220DE78E009F490E /* WishesViewController.swift in Sources */ = {isa = PBXBuildFile; fileRef = E88DBACA220DE78E009F490E /* WishesViewController.swift */; };
		F909C23B22125095005232EF /* DetailSiteViewController.swift in Sources */ = {isa = PBXBuildFile; fileRef = F909C23A22125095005232EF /* DetailSiteViewController.swift */; };
		F909C23D221250DD005232EF /* Sites.storyboard in Resources */ = {isa = PBXBuildFile; fileRef = F909C23C221250DD005232EF /* Sites.storyboard */; };
		F909C23F22125DD7005232EF /* String+html.swift in Sources */ = {isa = PBXBuildFile; fileRef = F909C23E22125DD7005232EF /* String+html.swift */; };
		F909C24122127593005232EF /* UIImage+imagewithcolor.swift in Sources */ = {isa = PBXBuildFile; fileRef = F909C24022127593005232EF /* UIImage+imagewithcolor.swift */; };
/* End PBXBuildFile section */

/* Begin PBXContainerItemProxy section */
		E88DBA5F220DC5F9009F490E /* PBXContainerItemProxy */ = {
			isa = PBXContainerItemProxy;
			containerPortal = E88DBA42220DC5F7009F490E /* Project object */;
			proxyType = 1;
			remoteGlobalIDString = E88DBA49220DC5F7009F490E;
			remoteInfo = wedding;
		};
		E88DBA6A220DC5F9009F490E /* PBXContainerItemProxy */ = {
			isa = PBXContainerItemProxy;
			containerPortal = E88DBA42220DC5F7009F490E /* Project object */;
			proxyType = 1;
			remoteGlobalIDString = E88DBA49220DC5F7009F490E;
			remoteInfo = wedding;
		};
/* End PBXContainerItemProxy section */

/* Begin PBXFileReference section */
		16A4EEF02B3FAE1AD46C43E9 /* Pods_weddingUITests.framework */ = {isa = PBXFileReference; explicitFileType = wrapper.framework; includeInIndex = 0; path = Pods_weddingUITests.framework; sourceTree = BUILT_PRODUCTS_DIR; };
		199DD9AB06017974E49BEDFE /* Pods-weddingTests.debug.xcconfig */ = {isa = PBXFileReference; includeInIndex = 1; lastKnownFileType = text.xcconfig; name = "Pods-weddingTests.debug.xcconfig"; path = "Pods/Target Support Files/Pods-weddingTests/Pods-weddingTests.debug.xcconfig"; sourceTree = "<group>"; };
		2C96B5EAF53A1A3FF6222048 /* Pods-weddingTests.release.xcconfig */ = {isa = PBXFileReference; includeInIndex = 1; lastKnownFileType = text.xcconfig; name = "Pods-weddingTests.release.xcconfig"; path = "Pods/Target Support Files/Pods-weddingTests/Pods-weddingTests.release.xcconfig"; sourceTree = "<group>"; };
		2F368B9E3E0E9A7342FDBA75 /* Pods-weddingUITests.debug.xcconfig */ = {isa = PBXFileReference; includeInIndex = 1; lastKnownFileType = text.xcconfig; name = "Pods-weddingUITests.debug.xcconfig"; path = "Pods/Target Support Files/Pods-weddingUITests/Pods-weddingUITests.debug.xcconfig"; sourceTree = "<group>"; };
		634C277DE5C66ED66716D2A0 /* Pods-wedding.release.xcconfig */ = {isa = PBXFileReference; includeInIndex = 1; lastKnownFileType = text.xcconfig; name = "Pods-wedding.release.xcconfig"; path = "Pods/Target Support Files/Pods-wedding/Pods-wedding.release.xcconfig"; sourceTree = "<group>"; };
		7BA3E99871113A8F19BB47F9 /* Pods_weddingTests.framework */ = {isa = PBXFileReference; explicitFileType = wrapper.framework; includeInIndex = 0; path = Pods_weddingTests.framework; sourceTree = BUILT_PRODUCTS_DIR; };
		7C4CF28F95B17FD023357BBB /* Pods-wedding.debug.xcconfig */ = {isa = PBXFileReference; includeInIndex = 1; lastKnownFileType = text.xcconfig; name = "Pods-wedding.debug.xcconfig"; path = "Pods/Target Support Files/Pods-wedding/Pods-wedding.debug.xcconfig"; sourceTree = "<group>"; };
		9ABACAF71244778CBD612DD2 /* Pods-weddingUITests.release.xcconfig */ = {isa = PBXFileReference; includeInIndex = 1; lastKnownFileType = text.xcconfig; name = "Pods-weddingUITests.release.xcconfig"; path = "Pods/Target Support Files/Pods-weddingUITests/Pods-weddingUITests.release.xcconfig"; sourceTree = "<group>"; };
		CE025559115A7A1FC8494A50 /* Pods_wedding.framework */ = {isa = PBXFileReference; explicitFileType = wrapper.framework; includeInIndex = 0; path = Pods_wedding.framework; sourceTree = BUILT_PRODUCTS_DIR; };
		E374930C238434CD006E94B6 /* ApplicationModule.swift */ = {isa = PBXFileReference; fileEncoding = 4; lastKnownFileType = sourcecode.swift; path = ApplicationModule.swift; sourceTree = "<group>"; };
		E3C1A09E238645D100B62EE2 /* UIColorExt.swift */ = {isa = PBXFileReference; lastKnownFileType = sourcecode.swift; path = UIColorExt.swift; sourceTree = "<group>"; };
		E82F6F3522130CB10098204F /* Date+offset.swift */ = {isa = PBXFileReference; fileEncoding = 4; lastKnownFileType = sourcecode.swift; path = "Date+offset.swift"; sourceTree = "<group>"; };
		E82F6F37221317430098204F /* RegisterViewController.swift */ = {isa = PBXFileReference; lastKnownFileType = sourcecode.swift; path = RegisterViewController.swift; sourceTree = "<group>"; };
		E82F6F39221317810098204F /* Register.storyboard */ = {isa = PBXFileReference; lastKnownFileType = file.storyboard; path = Register.storyboard; sourceTree = "<group>"; };
		E82F6F3B2213368A0098204F /* RegisterView.swift */ = {isa = PBXFileReference; lastKnownFileType = sourcecode.swift; path = RegisterView.swift; sourceTree = "<group>"; };
		E82F6F3D221336E90098204F /* RegisterPresenter.swift */ = {isa = PBXFileReference; lastKnownFileType = sourcecode.swift; path = RegisterPresenter.swift; sourceTree = "<group>"; };
		E82F6F4822134AF30098204F /* Gift.swift */ = {isa = PBXFileReference; lastKnownFileType = sourcecode.swift; path = Gift.swift; sourceTree = "<group>"; };
		E82F6F4A22134BB10098204F /* GiftRepository.swift */ = {isa = PBXFileReference; lastKnownFileType = sourcecode.swift; path = GiftRepository.swift; sourceTree = "<group>"; };
		E878FA982211BA88005A5FF8 /* UIApplication+topViewController.swift */ = {isa = PBXFileReference; fileEncoding = 4; lastKnownFileType = sourcecode.swift; path = "UIApplication+topViewController.swift"; sourceTree = "<group>"; };
		E878FA9A2211BAE0005A5FF8 /* Screen.swift */ = {isa = PBXFileReference; fileEncoding = 4; lastKnownFileType = sourcecode.swift; path = Screen.swift; sourceTree = "<group>"; };
		E878FA9B2211BAE0005A5FF8 /* Wireframe.swift */ = {isa = PBXFileReference; fileEncoding = 4; lastKnownFileType = sourcecode.swift; path = Wireframe.swift; sourceTree = "<group>"; };
		E878FA9E2211BB9A005A5FF8 /* PhotosView.swift */ = {isa = PBXFileReference; lastKnownFileType = sourcecode.swift; path = PhotosView.swift; sourceTree = "<group>"; };
		E878FAA02211BBEC005A5FF8 /* PhotosPresenter.swift */ = {isa = PBXFileReference; lastKnownFileType = sourcecode.swift; path = PhotosPresenter.swift; sourceTree = "<group>"; };
		E878FAA22211BF2B005A5FF8 /* PhotosCollectionViewDataSource.swift */ = {isa = PBXFileReference; lastKnownFileType = sourcecode.swift; path = PhotosCollectionViewDataSource.swift; sourceTree = "<group>"; };
		E878FAA42211C2E2005A5FF8 /* PhotosCollectionViewDelegate.swift */ = {isa = PBXFileReference; lastKnownFileType = sourcecode.swift; path = PhotosCollectionViewDelegate.swift; sourceTree = "<group>"; };
		E878FAA62211C3B4005A5FF8 /* PhotosCollectionViewCell.swift */ = {isa = PBXFileReference; lastKnownFileType = sourcecode.swift; path = PhotosCollectionViewCell.swift; sourceTree = "<group>"; };
		E878FAA82211CFD6005A5FF8 /* SitesTableViewCell.swift */ = {isa = PBXFileReference; lastKnownFileType = sourcecode.swift; path = SitesTableViewCell.swift; sourceTree = "<group>"; };
		E878FAAA2211D1E1005A5FF8 /* SitesTableViewDataSource.swift */ = {isa = PBXFileReference; lastKnownFileType = sourcecode.swift; path = SitesTableViewDataSource.swift; sourceTree = "<group>"; };
		E878FAAC2211D1F2005A5FF8 /* SitesTableViewDelegate.swift */ = {isa = PBXFileReference; lastKnownFileType = sourcecode.swift; path = SitesTableViewDelegate.swift; sourceTree = "<group>"; };
		E878FAAE2211D3A1005A5FF8 /* SitesView.swift */ = {isa = PBXFileReference; lastKnownFileType = sourcecode.swift; path = SitesView.swift; sourceTree = "<group>"; };
		E878FAB02211D41F005A5FF8 /* SitesPresenter.swift */ = {isa = PBXFileReference; lastKnownFileType = sourcecode.swift; path = SitesPresenter.swift; sourceTree = "<group>"; };
		E878FAB22211D80E005A5FF8 /* HeaderTableViewCell.swift */ = {isa = PBXFileReference; lastKnownFileType = sourcecode.swift; path = HeaderTableViewCell.swift; sourceTree = "<group>"; };
		E878FAB42211E74E005A5FF8 /* WishTableViewCell.swift */ = {isa = PBXFileReference; lastKnownFileType = sourcecode.swift; path = WishTableViewCell.swift; sourceTree = "<group>"; };
		E878FAB62211E8E3005A5FF8 /* WishesTableViewDataSource.swift */ = {isa = PBXFileReference; lastKnownFileType = sourcecode.swift; path = WishesTableViewDataSource.swift; sourceTree = "<group>"; };
		E878FAB82211E9FA005A5FF8 /* WishesTableViewDelegate.swift */ = {isa = PBXFileReference; lastKnownFileType = sourcecode.swift; path = WishesTableViewDelegate.swift; sourceTree = "<group>"; };
		E878FABA2211EA6A005A5FF8 /* WishesView.swift */ = {isa = PBXFileReference; lastKnownFileType = sourcecode.swift; path = WishesView.swift; sourceTree = "<group>"; };
		E878FABC2211EABB005A5FF8 /* WishesPresenter.swift */ = {isa = PBXFileReference; lastKnownFileType = sourcecode.swift; path = WishesPresenter.swift; sourceTree = "<group>"; };
		E878FABF2211F0C6005A5FF8 /* CreateWishViewController.swift */ = {isa = PBXFileReference; lastKnownFileType = sourcecode.swift; path = CreateWishViewController.swift; sourceTree = "<group>"; };
		E878FAC12211F0FB005A5FF8 /* Wish.storyboard */ = {isa = PBXFileReference; lastKnownFileType = file.storyboard; path = Wish.storyboard; sourceTree = "<group>"; };
		E878FAC42211FABC005A5FF8 /* DetailWishViewController.swift */ = {isa = PBXFileReference; lastKnownFileType = sourcecode.swift; path = DetailWishViewController.swift; sourceTree = "<group>"; };
		E878FAC6221204AF005A5FF8 /* AddPhotoViewController.swift */ = {isa = PBXFileReference; lastKnownFileType = sourcecode.swift; path = AddPhotoViewController.swift; sourceTree = "<group>"; };
		E878FAC922120E4B005A5FF8 /* Photos.storyboard */ = {isa = PBXFileReference; lastKnownFileType = file.storyboard; path = Photos.storyboard; sourceTree = "<group>"; };
		E878FACB22121186005A5FF8 /* AddPhotoView.swift */ = {isa = PBXFileReference; lastKnownFileType = sourcecode.swift; path = AddPhotoView.swift; sourceTree = "<group>"; };
		E878FACD221211D2005A5FF8 /* AddPhotoPresenter.swift */ = {isa = PBXFileReference; lastKnownFileType = sourcecode.swift; path = AddPhotoPresenter.swift; sourceTree = "<group>"; };
		E878FAD022121D29005A5FF8 /* DetailPhotoViewController.swift */ = {isa = PBXFileReference; lastKnownFileType = sourcecode.swift; path = DetailPhotoViewController.swift; sourceTree = "<group>"; };
		E88DBA4A220DC5F7009F490E /* ASO Conference.app */ = {isa = PBXFileReference; explicitFileType = wrapper.application; includeInIndex = 0; path = "ASO Conference.app"; sourceTree = BUILT_PRODUCTS_DIR; };
		E88DBA4D220DC5F7009F490E /* AppDelegate.swift */ = {isa = PBXFileReference; lastKnownFileType = sourcecode.swift; path = AppDelegate.swift; sourceTree = "<group>"; };
		E88DBA54220DC5F9009F490E /* Assets.xcassets */ = {isa = PBXFileReference; lastKnownFileType = folder.assetcatalog; path = Assets.xcassets; sourceTree = "<group>"; };
		E88DBA57220DC5F9009F490E /* Base */ = {isa = PBXFileReference; lastKnownFileType = file.storyboard; name = Base; path = Base.lproj/LaunchScreen.storyboard; sourceTree = "<group>"; };
		E88DBA59220DC5F9009F490E /* Info.plist */ = {isa = PBXFileReference; lastKnownFileType = text.plist.xml; path = Info.plist; sourceTree = "<group>"; };
		E88DBA5E220DC5F9009F490E /* weddingTests.xctest */ = {isa = PBXFileReference; explicitFileType = wrapper.cfbundle; includeInIndex = 0; path = weddingTests.xctest; sourceTree = BUILT_PRODUCTS_DIR; };
		E88DBA62220DC5F9009F490E /* weddingTests.swift */ = {isa = PBXFileReference; lastKnownFileType = sourcecode.swift; path = weddingTests.swift; sourceTree = "<group>"; };
		E88DBA64220DC5F9009F490E /* Info.plist */ = {isa = PBXFileReference; lastKnownFileType = text.plist.xml; path = Info.plist; sourceTree = "<group>"; };
		E88DBA69220DC5F9009F490E /* weddingUITests.xctest */ = {isa = PBXFileReference; explicitFileType = wrapper.cfbundle; includeInIndex = 0; path = weddingUITests.xctest; sourceTree = BUILT_PRODUCTS_DIR; };
		E88DBA6D220DC5F9009F490E /* weddingUITests.swift */ = {isa = PBXFileReference; lastKnownFileType = sourcecode.swift; path = weddingUITests.swift; sourceTree = "<group>"; };
		E88DBA6F220DC5F9009F490E /* Info.plist */ = {isa = PBXFileReference; lastKnownFileType = text.plist.xml; path = Info.plist; sourceTree = "<group>"; };
		E88DBA7F220DCE4A009F490E /* Repository.swift */ = {isa = PBXFileReference; lastKnownFileType = sourcecode.swift; path = Repository.swift; sourceTree = "<group>"; };
		E88DBA83220DCF38009F490E /* DataModule.swift */ = {isa = PBXFileReference; lastKnownFileType = sourcecode.swift; path = DataModule.swift; sourceTree = "<group>"; };
		E88DBA85220DCFCB009F490E /* UserApi.swift */ = {isa = PBXFileReference; lastKnownFileType = sourcecode.swift; path = UserApi.swift; sourceTree = "<group>"; };
		E88DBA87220DCFDE009F490E /* SitesApi.swift */ = {isa = PBXFileReference; lastKnownFileType = sourcecode.swift; path = SitesApi.swift; sourceTree = "<group>"; };
		E88DBA89220DCFE9009F490E /* WishesApi.swift */ = {isa = PBXFileReference; lastKnownFileType = sourcecode.swift; path = WishesApi.swift; sourceTree = "<group>"; };
		E88DBA8B220DCFFC009F490E /* PhotosApi.swift */ = {isa = PBXFileReference; lastKnownFileType = sourcecode.swift; path = PhotosApi.swift; sourceTree = "<group>"; };
		E88DBA8E220DD609009F490E /* UserRepository.swift */ = {isa = PBXFileReference; lastKnownFileType = sourcecode.swift; path = UserRepository.swift; sourceTree = "<group>"; };
		E88DBA90220DD679009F490E /* SitesRepository.swift */ = {isa = PBXFileReference; lastKnownFileType = sourcecode.swift; path = SitesRepository.swift; sourceTree = "<group>"; };
		E88DBA92220DD682009F490E /* WishesRepository.swift */ = {isa = PBXFileReference; lastKnownFileType = sourcecode.swift; path = WishesRepository.swift; sourceTree = "<group>"; };
		E88DBA94220DD690009F490E /* PhotosRepository.swift */ = {isa = PBXFileReference; lastKnownFileType = sourcecode.swift; path = PhotosRepository.swift; sourceTree = "<group>"; };
		E88DBA96220DD72E009F490E /* Photo.swift */ = {isa = PBXFileReference; lastKnownFileType = sourcecode.swift; path = Photo.swift; sourceTree = "<group>"; };
		E88DBA98220DD769009F490E /* User.swift */ = {isa = PBXFileReference; lastKnownFileType = sourcecode.swift; path = User.swift; sourceTree = "<group>"; };
		E88DBA9A220DD7A1009F490E /* Site.swift */ = {isa = PBXFileReference; lastKnownFileType = sourcecode.swift; path = Site.swift; sourceTree = "<group>"; };
		E88DBA9C220DD8C0009F490E /* Wish.swift */ = {isa = PBXFileReference; lastKnownFileType = sourcecode.swift; path = Wish.swift; sourceTree = "<group>"; };
		E88DBAA5220DDD7A009F490E /* BasePopup.swift */ = {isa = PBXFileReference; fileEncoding = 4; lastKnownFileType = sourcecode.swift; path = BasePopup.swift; sourceTree = "<group>"; };
		E88DBAA6220DDD7A009F490E /* BaseView.swift */ = {isa = PBXFileReference; fileEncoding = 4; lastKnownFileType = sourcecode.swift; path = BaseView.swift; sourceTree = "<group>"; };
		E88DBAA7220DDD7A009F490E /* BaseViewController.swift */ = {isa = PBXFileReference; fileEncoding = 4; lastKnownFileType = sourcecode.swift; path = BaseViewController.swift; sourceTree = "<group>"; };
		E88DBAA8220DDD7A009F490E /* BasePresenter.swift */ = {isa = PBXFileReference; fileEncoding = 4; lastKnownFileType = sourcecode.swift; path = BasePresenter.swift; sourceTree = "<group>"; };
		E88DBAB7220DE077009F490E /* PresentationModule.swift */ = {isa = PBXFileReference; lastKnownFileType = sourcecode.swift; path = PresentationModule.swift; sourceTree = "<group>"; };
		E88DBABA220DE0D2009F490E /* Constants.swift */ = {isa = PBXFileReference; fileEncoding = 4; lastKnownFileType = sourcecode.swift; path = Constants.swift; sourceTree = "<group>"; };
		E88DBABB220DE0D2009F490E /* MediaUtils.swift */ = {isa = PBXFileReference; fileEncoding = 4; lastKnownFileType = sourcecode.swift; path = MediaUtils.swift; sourceTree = "<group>"; };
		E88DBABE220DE315009F490E /* TabBarViewController.swift */ = {isa = PBXFileReference; lastKnownFileType = sourcecode.swift; path = TabBarViewController.swift; sourceTree = "<group>"; };
		E88DBAC0220DE32E009F490E /* TabBar.storyboard */ = {isa = PBXFileReference; lastKnownFileType = file.storyboard; path = TabBar.storyboard; sourceTree = "<group>"; };
		E88DBAC2220DE63A009F490E /* HomeViewController.swift */ = {isa = PBXFileReference; lastKnownFileType = sourcecode.swift; path = HomeViewController.swift; sourceTree = "<group>"; };
		E88DBAC4220DE6B5009F490E /* SitesViewController.swift */ = {isa = PBXFileReference; lastKnownFileType = sourcecode.swift; path = SitesViewController.swift; sourceTree = "<group>"; };
		E88DBAC6220DE6F5009F490E /* PhotosViewController.swift */ = {isa = PBXFileReference; lastKnownFileType = sourcecode.swift; path = PhotosViewController.swift; sourceTree = "<group>"; };
		E88DBACA220DE78E009F490E /* WishesViewController.swift */ = {isa = PBXFileReference; lastKnownFileType = sourcecode.swift; path = WishesViewController.swift; sourceTree = "<group>"; };
		F909C23A22125095005232EF /* DetailSiteViewController.swift */ = {isa = PBXFileReference; lastKnownFileType = sourcecode.swift; path = DetailSiteViewController.swift; sourceTree = "<group>"; };
		F909C23C221250DD005232EF /* Sites.storyboard */ = {isa = PBXFileReference; lastKnownFileType = file.storyboard; path = Sites.storyboard; sourceTree = "<group>"; };
		F909C23E22125DD7005232EF /* String+html.swift */ = {isa = PBXFileReference; lastKnownFileType = sourcecode.swift; path = "String+html.swift"; sourceTree = "<group>"; };
		F909C24022127593005232EF /* UIImage+imagewithcolor.swift */ = {isa = PBXFileReference; lastKnownFileType = sourcecode.swift; path = "UIImage+imagewithcolor.swift"; sourceTree = "<group>"; };
/* End PBXFileReference section */

/* Begin PBXFrameworksBuildPhase section */
		E88DBA47220DC5F7009F490E /* Frameworks */ = {
			isa = PBXFrameworksBuildPhase;
			buildActionMask = 2147483647;
			files = (
				1363D1F55541F7E991C2665A /* Pods_wedding.framework in Frameworks */,
			);
			runOnlyForDeploymentPostprocessing = 0;
		};
		E88DBA5B220DC5F9009F490E /* Frameworks */ = {
			isa = PBXFrameworksBuildPhase;
			buildActionMask = 2147483647;
			files = (
				2DDEA991A1F9FDED435E4C7B /* Pods_weddingTests.framework in Frameworks */,
			);
			runOnlyForDeploymentPostprocessing = 0;
		};
		E88DBA66220DC5F9009F490E /* Frameworks */ = {
			isa = PBXFrameworksBuildPhase;
			buildActionMask = 2147483647;
			files = (
				A7EAEC80F3FA4D3A4B4F3BA1 /* Pods_weddingUITests.framework in Frameworks */,
			);
			runOnlyForDeploymentPostprocessing = 0;
		};
/* End PBXFrameworksBuildPhase section */

/* Begin PBXGroup section */
		6A0E7103B54850430A792D8E /* Pods */ = {
			isa = PBXGroup;
			children = (
				7C4CF28F95B17FD023357BBB /* Pods-wedding.debug.xcconfig */,
				634C277DE5C66ED66716D2A0 /* Pods-wedding.release.xcconfig */,
				199DD9AB06017974E49BEDFE /* Pods-weddingTests.debug.xcconfig */,
				2C96B5EAF53A1A3FF6222048 /* Pods-weddingTests.release.xcconfig */,
				2F368B9E3E0E9A7342FDBA75 /* Pods-weddingUITests.debug.xcconfig */,
				9ABACAF71244778CBD612DD2 /* Pods-weddingUITests.release.xcconfig */,
			);
			name = Pods;
			sourceTree = "<group>";
		};
		AF1D0F4DB2D286A2A20FC4F3 /* Frameworks */ = {
			isa = PBXGroup;
			children = (
				CE025559115A7A1FC8494A50 /* Pods_wedding.framework */,
				7BA3E99871113A8F19BB47F9 /* Pods_weddingTests.framework */,
				16A4EEF02B3FAE1AD46C43E9 /* Pods_weddingUITests.framework */,
			);
			name = Frameworks;
			sourceTree = "<group>";
		};
		E878FA962211BA5D005A5FF8 /* Supporting Files */ = {
			isa = PBXGroup;
			children = (
				E878FA972211BA7C005A5FF8 /* extension */,
				E88DBA54220DC5F9009F490E /* Assets.xcassets */,
				E88DBA59220DC5F9009F490E /* Info.plist */,
				E88DBA4D220DC5F7009F490E /* AppDelegate.swift */,
			);
			path = "Supporting Files";
			sourceTree = "<group>";
		};
		E878FA972211BA7C005A5FF8 /* extension */ = {
			isa = PBXGroup;
			children = (
				E82F6F3522130CB10098204F /* Date+offset.swift */,
				E878FA982211BA88005A5FF8 /* UIApplication+topViewController.swift */,
				F909C23E22125DD7005232EF /* String+html.swift */,
				F909C24022127593005232EF /* UIImage+imagewithcolor.swift */,
				E3C1A09E238645D100B62EE2 /* UIColorExt.swift */,
			);
			path = extension;
			sourceTree = "<group>";
		};
		E878FABE2211F08E005A5FF8 /* create */ = {
			isa = PBXGroup;
			children = (
				E878FABF2211F0C6005A5FF8 /* CreateWishViewController.swift */,
			);
			path = create;
			sourceTree = "<group>";
		};
		E878FAC32211FA8E005A5FF8 /* detail */ = {
			isa = PBXGroup;
			children = (
				E878FAC42211FABC005A5FF8 /* DetailWishViewController.swift */,
			);
			path = detail;
			sourceTree = "<group>";
		};
		E878FAC8221204B9005A5FF8 /* add */ = {
			isa = PBXGroup;
			children = (
				E878FAC6221204AF005A5FF8 /* AddPhotoViewController.swift */,
				E878FACB22121186005A5FF8 /* AddPhotoView.swift */,
				E878FACD221211D2005A5FF8 /* AddPhotoPresenter.swift */,
			);
			path = add;
			sourceTree = "<group>";
		};
		E878FACF22121D13005A5FF8 /* detail */ = {
			isa = PBXGroup;
			children = (
				E878FAD022121D29005A5FF8 /* DetailPhotoViewController.swift */,
			);
			path = detail;
			sourceTree = "<group>";
		};
		E88DBA41220DC5F7009F490E = {
			isa = PBXGroup;
			children = (
				E88DBA4C220DC5F7009F490E /* wedding */,
				E88DBA61220DC5F9009F490E /* weddingTests */,
				E88DBA6C220DC5F9009F490E /* weddingUITests */,
				E878FA962211BA5D005A5FF8 /* Supporting Files */,
				E88DBA4B220DC5F7009F490E /* Products */,
				6A0E7103B54850430A792D8E /* Pods */,
				AF1D0F4DB2D286A2A20FC4F3 /* Frameworks */,
			);
			sourceTree = "<group>";
		};
		E88DBA4B220DC5F7009F490E /* Products */ = {
			isa = PBXGroup;
			children = (
				E88DBA4A220DC5F7009F490E /* ASO Conference.app */,
				E88DBA5E220DC5F9009F490E /* weddingTests.xctest */,
				E88DBA69220DC5F9009F490E /* weddingUITests.xctest */,
			);
			name = Products;
			sourceTree = "<group>";
		};
		E88DBA4C220DC5F7009F490E /* wedding */ = {
			isa = PBXGroup;
			children = (
				E88DBA7B220DCC2E009F490E /* data */,
				E88DBA7C220DCC3E009F490E /* domain */,
				E88DBA7D220DCC66009F490E /* presentation */,
				E88DBA56220DC5F9009F490E /* LaunchScreen.storyboard */,
			);
			path = wedding;
			sourceTree = "<group>";
		};
		E88DBA61220DC5F9009F490E /* weddingTests */ = {
			isa = PBXGroup;
			children = (
				E88DBA62220DC5F9009F490E /* weddingTests.swift */,
				E88DBA64220DC5F9009F490E /* Info.plist */,
			);
			path = weddingTests;
			sourceTree = "<group>";
		};
		E88DBA6C220DC5F9009F490E /* weddingUITests */ = {
			isa = PBXGroup;
			children = (
				E88DBA6D220DC5F9009F490E /* weddingUITests.swift */,
				E88DBA6F220DC5F9009F490E /* Info.plist */,
			);
			path = weddingUITests;
			sourceTree = "<group>";
		};
		E88DBA7B220DCC2E009F490E /* data */ = {
			isa = PBXGroup;
			children = (
				E88DBA7E220DCE26009F490E /* foundation */,
				E88DBA8D220DD5D8009F490E /* sections */,
			);
			path = data;
			sourceTree = "<group>";
		};
		E88DBA7C220DCC3E009F490E /* domain */ = {
			isa = PBXGroup;
			children = (
				E88DBA96220DD72E009F490E /* Photo.swift */,
				E88DBA98220DD769009F490E /* User.swift */,
				E88DBA9A220DD7A1009F490E /* Site.swift */,
				E88DBA9C220DD8C0009F490E /* Wish.swift */,
				E82F6F4822134AF30098204F /* Gift.swift */,
			);
			path = domain;
			sourceTree = "<group>";
		};
		E88DBA7D220DCC66009F490E /* presentation */ = {
			isa = PBXGroup;
			children = (
				E88DBAA4220DDD67009F490E /* foundation */,
				E88DBAB3220DDFC8009F490E /* internal */,
				E88DBAAD220DDD95009F490E /* sections */,
				E88DBAB9220DE0C3009F490E /* utilities */,
				E88DBAAE220DDDA7009F490E /* wireframe */,
			);
			path = presentation;
			sourceTree = "<group>";
		};
		E88DBA7E220DCE26009F490E /* foundation */ = {
			isa = PBXGroup;
			children = (
				E88DBA81220DCF0E009F490E /* di */,
				E88DBA82220DCF1C009F490E /* net */,
				E88DBA7F220DCE4A009F490E /* Repository.swift */,
			);
			path = foundation;
			sourceTree = "<group>";
		};
		E88DBA81220DCF0E009F490E /* di */ = {
			isa = PBXGroup;
			children = (
				E88DBA83220DCF38009F490E /* DataModule.swift */,
			);
			path = di;
			sourceTree = "<group>";
		};
		E88DBA82220DCF1C009F490E /* net */ = {
			isa = PBXGroup;
			children = (
				E88DBA85220DCFCB009F490E /* UserApi.swift */,
				E88DBA87220DCFDE009F490E /* SitesApi.swift */,
				E88DBA89220DCFE9009F490E /* WishesApi.swift */,
				E88DBA8B220DCFFC009F490E /* PhotosApi.swift */,
			);
			path = net;
			sourceTree = "<group>";
		};
		E88DBA8D220DD5D8009F490E /* sections */ = {
			isa = PBXGroup;
			children = (
				E88DBA8E220DD609009F490E /* UserRepository.swift */,
				E88DBA90220DD679009F490E /* SitesRepository.swift */,
				E88DBA92220DD682009F490E /* WishesRepository.swift */,
				E88DBA94220DD690009F490E /* PhotosRepository.swift */,
				E82F6F4A22134BB10098204F /* GiftRepository.swift */,
			);
			path = sections;
			sourceTree = "<group>";
		};
		E88DBA9E220DDC86009F490E /* register */ = {
			isa = PBXGroup;
			children = (
				E82F6F37221317430098204F /* RegisterViewController.swift */,
				E82F6F3D221336E90098204F /* RegisterPresenter.swift */,
				E82F6F3B2213368A0098204F /* RegisterView.swift */,
				E82F6F39221317810098204F /* Register.storyboard */,
			);
			path = register;
			sourceTree = "<group>";
		};
		E88DBA9F220DDC97009F490E /* sites */ = {
			isa = PBXGroup;
			children = (
				F909C2392212507B005232EF /* detail */,
				E88DBAC4220DE6B5009F490E /* SitesViewController.swift */,
				E878FAA82211CFD6005A5FF8 /* SitesTableViewCell.swift */,
				E878FAAA2211D1E1005A5FF8 /* SitesTableViewDataSource.swift */,
				E878FAAC2211D1F2005A5FF8 /* SitesTableViewDelegate.swift */,
				E878FAAE2211D3A1005A5FF8 /* SitesView.swift */,
				E878FAB02211D41F005A5FF8 /* SitesPresenter.swift */,
				E878FAB22211D80E005A5FF8 /* HeaderTableViewCell.swift */,
				F909C23C221250DD005232EF /* Sites.storyboard */,
			);
			path = sites;
			sourceTree = "<group>";
		};
		E88DBAA0220DDC9E009F490E /* photos */ = {
			isa = PBXGroup;
			children = (
				E878FACF22121D13005A5FF8 /* detail */,
				E878FAC8221204B9005A5FF8 /* add */,
				E88DBAC6220DE6F5009F490E /* PhotosViewController.swift */,
				E878FA9E2211BB9A005A5FF8 /* PhotosView.swift */,
				E878FAA02211BBEC005A5FF8 /* PhotosPresenter.swift */,
				E878FAA22211BF2B005A5FF8 /* PhotosCollectionViewDataSource.swift */,
				E878FAA42211C2E2005A5FF8 /* PhotosCollectionViewDelegate.swift */,
				E878FAA62211C3B4005A5FF8 /* PhotosCollectionViewCell.swift */,
				E878FAC922120E4B005A5FF8 /* Photos.storyboard */,
			);
			path = photos;
			sourceTree = "<group>";
		};
		E88DBAA1220DDCA3009F490E /* home */ = {
			isa = PBXGroup;
			children = (
				E88DBAC2220DE63A009F490E /* HomeViewController.swift */,
			);
			path = home;
			sourceTree = "<group>";
		};
		E88DBAA3220DDCB8009F490E /* wishes */ = {
			isa = PBXGroup;
			children = (
				E878FAC32211FA8E005A5FF8 /* detail */,
				E878FABE2211F08E005A5FF8 /* create */,
				E88DBACA220DE78E009F490E /* WishesViewController.swift */,
				E878FAB42211E74E005A5FF8 /* WishTableViewCell.swift */,
				E878FAB62211E8E3005A5FF8 /* WishesTableViewDataSource.swift */,
				E878FAB82211E9FA005A5FF8 /* WishesTableViewDelegate.swift */,
				E878FABA2211EA6A005A5FF8 /* WishesView.swift */,
				E878FABC2211EABB005A5FF8 /* WishesPresenter.swift */,
				E878FAC12211F0FB005A5FF8 /* Wish.storyboard */,
			);
			path = wishes;
			sourceTree = "<group>";
		};
		E88DBAA4220DDD67009F490E /* foundation */ = {
			isa = PBXGroup;
			children = (
				E88DBAA5220DDD7A009F490E /* BasePopup.swift */,
				E88DBAA8220DDD7A009F490E /* BasePresenter.swift */,
				E88DBAA6220DDD7A009F490E /* BaseView.swift */,
				E88DBAA7220DDD7A009F490E /* BaseViewController.swift */,
			);
			path = foundation;
			sourceTree = "<group>";
		};
		E88DBAAD220DDD95009F490E /* sections */ = {
			isa = PBXGroup;
			children = (
				E88DBAA3220DDCB8009F490E /* wishes */,
				E88DBAA1220DDCA3009F490E /* home */,
				E88DBAA0220DDC9E009F490E /* photos */,
				E88DBA9F220DDC97009F490E /* sites */,
				E88DBA9E220DDC86009F490E /* register */,
				E88DBABE220DE315009F490E /* TabBarViewController.swift */,
				E88DBAC0220DE32E009F490E /* TabBar.storyboard */,
			);
			path = sections;
			sourceTree = "<group>";
		};
		E88DBAAE220DDDA7009F490E /* wireframe */ = {
			isa = PBXGroup;
			children = (
				E878FA9A2211BAE0005A5FF8 /* Screen.swift */,
				E878FA9B2211BAE0005A5FF8 /* Wireframe.swift */,
			);
			path = wireframe;
			sourceTree = "<group>";
		};
		E88DBAB3220DDFC8009F490E /* internal */ = {
			isa = PBXGroup;
			children = (
				E88DBAB4220DDFD2009F490E /* di */,
			);
			path = internal;
			sourceTree = "<group>";
		};
		E88DBAB4220DDFD2009F490E /* di */ = {
			isa = PBXGroup;
			children = (
				E374930C238434CD006E94B6 /* ApplicationModule.swift */,
				E88DBAB7220DE077009F490E /* PresentationModule.swift */,
			);
			path = di;
			sourceTree = "<group>";
		};
		E88DBAB9220DE0C3009F490E /* utilities */ = {
			isa = PBXGroup;
			children = (
				E88DBABA220DE0D2009F490E /* Constants.swift */,
				E88DBABB220DE0D2009F490E /* MediaUtils.swift */,
			);
			path = utilities;
			sourceTree = "<group>";
		};
		F909C2392212507B005232EF /* detail */ = {
			isa = PBXGroup;
			children = (
				F909C23A22125095005232EF /* DetailSiteViewController.swift */,
			);
			path = detail;
			sourceTree = "<group>";
		};
/* End PBXGroup section */

/* Begin PBXNativeTarget section */
		E88DBA49220DC5F7009F490E /* wedding */ = {
			isa = PBXNativeTarget;
			buildConfigurationList = E88DBA72220DC5F9009F490E /* Build configuration list for PBXNativeTarget "wedding" */;
			buildPhases = (
				2EF6747FF1EC4812D37A177B /* [CP] Check Pods Manifest.lock */,
				E88DBA46220DC5F7009F490E /* Sources */,
				E88DBA47220DC5F7009F490E /* Frameworks */,
				E88DBA48220DC5F7009F490E /* Resources */,
				9B902AF9E3236B649DD2B610 /* [CP] Embed Pods Frameworks */,
			);
			buildRules = (
			);
			dependencies = (
			);
			name = wedding;
			productName = wedding;
			productReference = E88DBA4A220DC5F7009F490E /* ASO Conference.app */;
			productType = "com.apple.product-type.application";
		};
		E88DBA5D220DC5F9009F490E /* weddingTests */ = {
			isa = PBXNativeTarget;
			buildConfigurationList = E88DBA75220DC5F9009F490E /* Build configuration list for PBXNativeTarget "weddingTests" */;
			buildPhases = (
				DB3161C346D1F45BD33F4D6B /* [CP] Check Pods Manifest.lock */,
				E88DBA5A220DC5F9009F490E /* Sources */,
				E88DBA5B220DC5F9009F490E /* Frameworks */,
				E88DBA5C220DC5F9009F490E /* Resources */,
				861BF1CF1164EF388A5C64F4 /* [CP] Embed Pods Frameworks */,
			);
			buildRules = (
			);
			dependencies = (
				E88DBA60220DC5F9009F490E /* PBXTargetDependency */,
			);
			name = weddingTests;
			productName = weddingTests;
			productReference = E88DBA5E220DC5F9009F490E /* weddingTests.xctest */;
			productType = "com.apple.product-type.bundle.unit-test";
		};
		E88DBA68220DC5F9009F490E /* weddingUITests */ = {
			isa = PBXNativeTarget;
			buildConfigurationList = E88DBA78220DC5F9009F490E /* Build configuration list for PBXNativeTarget "weddingUITests" */;
			buildPhases = (
				EA7D97A4E2EBA4250F4E4E67 /* [CP] Check Pods Manifest.lock */,
				E88DBA65220DC5F9009F490E /* Sources */,
				E88DBA66220DC5F9009F490E /* Frameworks */,
				E88DBA67220DC5F9009F490E /* Resources */,
				F9F7F8680D291B92103FF85F /* [CP] Embed Pods Frameworks */,
			);
			buildRules = (
			);
			dependencies = (
				E88DBA6B220DC5F9009F490E /* PBXTargetDependency */,
			);
			name = weddingUITests;
			productName = weddingUITests;
			productReference = E88DBA69220DC5F9009F490E /* weddingUITests.xctest */;
			productType = "com.apple.product-type.bundle.ui-testing";
		};
/* End PBXNativeTarget section */

/* Begin PBXProject section */
		E88DBA42220DC5F7009F490E /* Project object */ = {
			isa = PBXProject;
			attributes = {
				LastSwiftUpdateCheck = 1010;
				LastUpgradeCheck = 1010;
				ORGANIZATIONNAME = uharris;
				TargetAttributes = {
					E88DBA49220DC5F7009F490E = {
						CreatedOnToolsVersion = 10.1;
					};
					E88DBA5D220DC5F9009F490E = {
						CreatedOnToolsVersion = 10.1;
						TestTargetID = E88DBA49220DC5F7009F490E;
					};
					E88DBA68220DC5F9009F490E = {
						CreatedOnToolsVersion = 10.1;
						TestTargetID = E88DBA49220DC5F7009F490E;
					};
				};
			};
			buildConfigurationList = E88DBA45220DC5F7009F490E /* Build configuration list for PBXProject "wedding" */;
			compatibilityVersion = "Xcode 9.3";
			developmentRegion = en;
			hasScannedForEncodings = 0;
			knownRegions = (
				en,
				Base,
			);
			mainGroup = E88DBA41220DC5F7009F490E;
			productRefGroup = E88DBA4B220DC5F7009F490E /* Products */;
			projectDirPath = "";
			projectRoot = "";
			targets = (
				E88DBA49220DC5F7009F490E /* wedding */,
				E88DBA5D220DC5F9009F490E /* weddingTests */,
				E88DBA68220DC5F9009F490E /* weddingUITests */,
			);
		};
/* End PBXProject section */

/* Begin PBXResourcesBuildPhase section */
		E88DBA48220DC5F7009F490E /* Resources */ = {
			isa = PBXResourcesBuildPhase;
			buildActionMask = 2147483647;
			files = (
				F909C23D221250DD005232EF /* Sites.storyboard in Resources */,
				E88DBAC1220DE32E009F490E /* TabBar.storyboard in Resources */,
				E88DBA58220DC5F9009F490E /* LaunchScreen.storyboard in Resources */,
				E878FAC22211F0FB005A5FF8 /* Wish.storyboard in Resources */,
				E878FACA22120E4B005A5FF8 /* Photos.storyboard in Resources */,
				E88DBA55220DC5F9009F490E /* Assets.xcassets in Resources */,
				E82F6F3A221317810098204F /* Register.storyboard in Resources */,
			);
			runOnlyForDeploymentPostprocessing = 0;
		};
		E88DBA5C220DC5F9009F490E /* Resources */ = {
			isa = PBXResourcesBuildPhase;
			buildActionMask = 2147483647;
			files = (
			);
			runOnlyForDeploymentPostprocessing = 0;
		};
		E88DBA67220DC5F9009F490E /* Resources */ = {
			isa = PBXResourcesBuildPhase;
			buildActionMask = 2147483647;
			files = (
			);
			runOnlyForDeploymentPostprocessing = 0;
		};
/* End PBXResourcesBuildPhase section */

/* Begin PBXShellScriptBuildPhase section */
		2EF6747FF1EC4812D37A177B /* [CP] Check Pods Manifest.lock */ = {
			isa = PBXShellScriptBuildPhase;
			buildActionMask = 2147483647;
			files = (
			);
			inputPaths = (
				"${PODS_PODFILE_DIR_PATH}/Podfile.lock",
				"${PODS_ROOT}/Manifest.lock",
			);
			name = "[CP] Check Pods Manifest.lock";
			outputPaths = (
				"$(DERIVED_FILE_DIR)/Pods-wedding-checkManifestLockResult.txt",
			);
			runOnlyForDeploymentPostprocessing = 0;
			shellPath = /bin/sh;
			shellScript = "diff \"${PODS_PODFILE_DIR_PATH}/Podfile.lock\" \"${PODS_ROOT}/Manifest.lock\" > /dev/null\nif [ $? != 0 ] ; then\n    # print error to STDERR\n    echo \"error: The sandbox is not in sync with the Podfile.lock. Run 'pod install' or update your CocoaPods installation.\" >&2\n    exit 1\nfi\n# This output is used by Xcode 'outputs' to avoid re-running this script phase.\necho \"SUCCESS\" > \"${SCRIPT_OUTPUT_FILE_0}\"\n";
			showEnvVarsInLog = 0;
		};
		861BF1CF1164EF388A5C64F4 /* [CP] Embed Pods Frameworks */ = {
			isa = PBXShellScriptBuildPhase;
			buildActionMask = 2147483647;
			files = (
			);
			inputFileListPaths = (
				"${PODS_ROOT}/Target Support Files/Pods-weddingTests/Pods-weddingTests-frameworks-${CONFIGURATION}-input-files.xcfilelist",
			);
			name = "[CP] Embed Pods Frameworks";
			outputFileListPaths = (
				"${PODS_ROOT}/Target Support Files/Pods-weddingTests/Pods-weddingTests-frameworks-${CONFIGURATION}-output-files.xcfilelist",
			);
			runOnlyForDeploymentPostprocessing = 0;
			shellPath = /bin/sh;
			shellScript = "\"${PODS_ROOT}/Target Support Files/Pods-weddingTests/Pods-weddingTests-frameworks.sh\"\n";
			showEnvVarsInLog = 0;
		};
		9B902AF9E3236B649DD2B610 /* [CP] Embed Pods Frameworks */ = {
			isa = PBXShellScriptBuildPhase;
			buildActionMask = 2147483647;
			files = (
			);
			inputFileListPaths = (
				"${PODS_ROOT}/Target Support Files/Pods-wedding/Pods-wedding-frameworks-${CONFIGURATION}-input-files.xcfilelist",
			);
			name = "[CP] Embed Pods Frameworks";
			outputFileListPaths = (
				"${PODS_ROOT}/Target Support Files/Pods-wedding/Pods-wedding-frameworks-${CONFIGURATION}-output-files.xcfilelist",
			);
			runOnlyForDeploymentPostprocessing = 0;
			shellPath = /bin/sh;
			shellScript = "\"${PODS_ROOT}/Target Support Files/Pods-wedding/Pods-wedding-frameworks.sh\"\n";
			showEnvVarsInLog = 0;
		};
		DB3161C346D1F45BD33F4D6B /* [CP] Check Pods Manifest.lock */ = {
			isa = PBXShellScriptBuildPhase;
			buildActionMask = 2147483647;
			files = (
			);
			inputPaths = (
				"${PODS_PODFILE_DIR_PATH}/Podfile.lock",
				"${PODS_ROOT}/Manifest.lock",
			);
			name = "[CP] Check Pods Manifest.lock";
			outputPaths = (
				"$(DERIVED_FILE_DIR)/Pods-weddingTests-checkManifestLockResult.txt",
			);
			runOnlyForDeploymentPostprocessing = 0;
			shellPath = /bin/sh;
			shellScript = "diff \"${PODS_PODFILE_DIR_PATH}/Podfile.lock\" \"${PODS_ROOT}/Manifest.lock\" > /dev/null\nif [ $? != 0 ] ; then\n    # print error to STDERR\n    echo \"error: The sandbox is not in sync with the Podfile.lock. Run 'pod install' or update your CocoaPods installation.\" >&2\n    exit 1\nfi\n# This output is used by Xcode 'outputs' to avoid re-running this script phase.\necho \"SUCCESS\" > \"${SCRIPT_OUTPUT_FILE_0}\"\n";
			showEnvVarsInLog = 0;
		};
		EA7D97A4E2EBA4250F4E4E67 /* [CP] Check Pods Manifest.lock */ = {
			isa = PBXShellScriptBuildPhase;
			buildActionMask = 2147483647;
			files = (
			);
			inputPaths = (
				"${PODS_PODFILE_DIR_PATH}/Podfile.lock",
				"${PODS_ROOT}/Manifest.lock",
			);
			name = "[CP] Check Pods Manifest.lock";
			outputPaths = (
				"$(DERIVED_FILE_DIR)/Pods-weddingUITests-checkManifestLockResult.txt",
			);
			runOnlyForDeploymentPostprocessing = 0;
			shellPath = /bin/sh;
			shellScript = "diff \"${PODS_PODFILE_DIR_PATH}/Podfile.lock\" \"${PODS_ROOT}/Manifest.lock\" > /dev/null\nif [ $? != 0 ] ; then\n    # print error to STDERR\n    echo \"error: The sandbox is not in sync with the Podfile.lock. Run 'pod install' or update your CocoaPods installation.\" >&2\n    exit 1\nfi\n# This output is used by Xcode 'outputs' to avoid re-running this script phase.\necho \"SUCCESS\" > \"${SCRIPT_OUTPUT_FILE_0}\"\n";
			showEnvVarsInLog = 0;
		};
		F9F7F8680D291B92103FF85F /* [CP] Embed Pods Frameworks */ = {
			isa = PBXShellScriptBuildPhase;
			buildActionMask = 2147483647;
			files = (
			);
			inputFileListPaths = (
				"${PODS_ROOT}/Target Support Files/Pods-weddingUITests/Pods-weddingUITests-frameworks-${CONFIGURATION}-input-files.xcfilelist",
			);
			name = "[CP] Embed Pods Frameworks";
			outputFileListPaths = (
				"${PODS_ROOT}/Target Support Files/Pods-weddingUITests/Pods-weddingUITests-frameworks-${CONFIGURATION}-output-files.xcfilelist",
			);
			runOnlyForDeploymentPostprocessing = 0;
			shellPath = /bin/sh;
			shellScript = "\"${PODS_ROOT}/Target Support Files/Pods-weddingUITests/Pods-weddingUITests-frameworks.sh\"\n";
			showEnvVarsInLog = 0;
		};
/* End PBXShellScriptBuildPhase section */

/* Begin PBXSourcesBuildPhase section */
		E88DBA46220DC5F7009F490E /* Sources */ = {
			isa = PBXSourcesBuildPhase;
			buildActionMask = 2147483647;
			files = (
				E878FAB52211E74E005A5FF8 /* WishTableViewCell.swift in Sources */,
				E88DBABC220DE0D2009F490E /* Constants.swift in Sources */,
				E88DBA9D220DD8C0009F490E /* Wish.swift in Sources */,
				E878FAC52211FABC005A5FF8 /* DetailWishViewController.swift in Sources */,
				E3C1A09F238645D100B62EE2 /* UIColorExt.swift in Sources */,
				E878FABD2211EABB005A5FF8 /* WishesPresenter.swift in Sources */,
				E878FAA32211BF2B005A5FF8 /* PhotosCollectionViewDataSource.swift in Sources */,
				E88DBAAC220DDD7A009F490E /* BasePresenter.swift in Sources */,
				E878FAB92211E9FA005A5FF8 /* WishesTableViewDelegate.swift in Sources */,
				E82F6F3622130CB20098204F /* Date+offset.swift in Sources */,
				E88DBABF220DE315009F490E /* TabBarViewController.swift in Sources */,
				E878FA9D2211BAE0005A5FF8 /* Wireframe.swift in Sources */,
				E878FABB2211EA6A005A5FF8 /* WishesView.swift in Sources */,
				E878FAAB2211D1E1005A5FF8 /* SitesTableViewDataSource.swift in Sources */,
				E878FAC7221204AF005A5FF8 /* AddPhotoViewController.swift in Sources */,
				E878FAB12211D41F005A5FF8 /* SitesPresenter.swift in Sources */,
				E88DBA9B220DD7A1009F490E /* Site.swift in Sources */,
				E82F6F3C2213368A0098204F /* RegisterView.swift in Sources */,
				E88DBA8C220DCFFC009F490E /* PhotosApi.swift in Sources */,
				E878FAA52211C2E2005A5FF8 /* PhotosCollectionViewDelegate.swift in Sources */,
				E878FA9C2211BAE0005A5FF8 /* Screen.swift in Sources */,
				E82F6F4922134AF30098204F /* Gift.swift in Sources */,
				E88DBACB220DE78E009F490E /* WishesViewController.swift in Sources */,
				E82F6F38221317430098204F /* RegisterViewController.swift in Sources */,
				E88DBAB8220DE077009F490E /* PresentationModule.swift in Sources */,
				E374930D238434CD006E94B6 /* ApplicationModule.swift in Sources */,
				E878FACC22121186005A5FF8 /* AddPhotoView.swift in Sources */,
				F909C24122127593005232EF /* UIImage+imagewithcolor.swift in Sources */,
				E878FAB32211D80E005A5FF8 /* HeaderTableViewCell.swift in Sources */,
				E88DBAC7220DE6F5009F490E /* PhotosViewController.swift in Sources */,
				E878FACE221211D2005A5FF8 /* AddPhotoPresenter.swift in Sources */,
				E88DBAAB220DDD7A009F490E /* BaseViewController.swift in Sources */,
				E88DBA95220DD690009F490E /* PhotosRepository.swift in Sources */,
				E878FAA72211C3B4005A5FF8 /* PhotosCollectionViewCell.swift in Sources */,
				E88DBA8F220DD609009F490E /* UserRepository.swift in Sources */,
				E878FA992211BA88005A5FF8 /* UIApplication+topViewController.swift in Sources */,
				E88DBA93220DD682009F490E /* WishesRepository.swift in Sources */,
				F909C23F22125DD7005232EF /* String+html.swift in Sources */,
				E88DBAA9220DDD7A009F490E /* BasePopup.swift in Sources */,
				E88DBA8A220DCFE9009F490E /* WishesApi.swift in Sources */,
				E88DBA99220DD769009F490E /* User.swift in Sources */,
				E88DBA97220DD72E009F490E /* Photo.swift in Sources */,
				E82F6F4B22134BB10098204F /* GiftRepository.swift in Sources */,
				E88DBA91220DD679009F490E /* SitesRepository.swift in Sources */,
				E878FAD122121D29005A5FF8 /* DetailPhotoViewController.swift in Sources */,
				E88DBAC3220DE63A009F490E /* HomeViewController.swift in Sources */,
				E88DBA86220DCFCB009F490E /* UserApi.swift in Sources */,
				E88DBABD220DE0D2009F490E /* MediaUtils.swift in Sources */,
				E878FAA92211CFD6005A5FF8 /* SitesTableViewCell.swift in Sources */,
				E88DBA4E220DC5F7009F490E /* AppDelegate.swift in Sources */,
				E88DBAC5220DE6B5009F490E /* SitesViewController.swift in Sources */,
				E878FAAF2211D3A1005A5FF8 /* SitesView.swift in Sources */,
				E878FAB72211E8E3005A5FF8 /* WishesTableViewDataSource.swift in Sources */,
				E88DBA88220DCFDE009F490E /* SitesApi.swift in Sources */,
				F909C23B22125095005232EF /* DetailSiteViewController.swift in Sources */,
				E878FAC02211F0C6005A5FF8 /* CreateWishViewController.swift in Sources */,
				E82F6F3E221336E90098204F /* RegisterPresenter.swift in Sources */,
				E878FAAD2211D1F2005A5FF8 /* SitesTableViewDelegate.swift in Sources */,
				E88DBAAA220DDD7A009F490E /* BaseView.swift in Sources */,
				E88DBA80220DCE4A009F490E /* Repository.swift in Sources */,
				E88DBA84220DCF38009F490E /* DataModule.swift in Sources */,
				E878FAA12211BBEC005A5FF8 /* PhotosPresenter.swift in Sources */,
				E878FA9F2211BB9A005A5FF8 /* PhotosView.swift in Sources */,
			);
			runOnlyForDeploymentPostprocessing = 0;
		};
		E88DBA5A220DC5F9009F490E /* Sources */ = {
			isa = PBXSourcesBuildPhase;
			buildActionMask = 2147483647;
			files = (
				E88DBA63220DC5F9009F490E /* weddingTests.swift in Sources */,
			);
			runOnlyForDeploymentPostprocessing = 0;
		};
		E88DBA65220DC5F9009F490E /* Sources */ = {
			isa = PBXSourcesBuildPhase;
			buildActionMask = 2147483647;
			files = (
				E88DBA6E220DC5F9009F490E /* weddingUITests.swift in Sources */,
			);
			runOnlyForDeploymentPostprocessing = 0;
		};
/* End PBXSourcesBuildPhase section */

/* Begin PBXTargetDependency section */
		E88DBA60220DC5F9009F490E /* PBXTargetDependency */ = {
			isa = PBXTargetDependency;
			target = E88DBA49220DC5F7009F490E /* wedding */;
			targetProxy = E88DBA5F220DC5F9009F490E /* PBXContainerItemProxy */;
		};
		E88DBA6B220DC5F9009F490E /* PBXTargetDependency */ = {
			isa = PBXTargetDependency;
			target = E88DBA49220DC5F7009F490E /* wedding */;
			targetProxy = E88DBA6A220DC5F9009F490E /* PBXContainerItemProxy */;
		};
/* End PBXTargetDependency section */

/* Begin PBXVariantGroup section */
		E88DBA56220DC5F9009F490E /* LaunchScreen.storyboard */ = {
			isa = PBXVariantGroup;
			children = (
				E88DBA57220DC5F9009F490E /* Base */,
			);
			name = LaunchScreen.storyboard;
			sourceTree = "<group>";
		};
/* End PBXVariantGroup section */

/* Begin XCBuildConfiguration section */
		E88DBA70220DC5F9009F490E /* Debug */ = {
			isa = XCBuildConfiguration;
			buildSettings = {
				ALWAYS_SEARCH_USER_PATHS = NO;
				CLANG_ANALYZER_NONNULL = YES;
				CLANG_ANALYZER_NUMBER_OBJECT_CONVERSION = YES_AGGRESSIVE;
				CLANG_CXX_LANGUAGE_STANDARD = "gnu++14";
				CLANG_CXX_LIBRARY = "libc++";
				CLANG_ENABLE_MODULES = YES;
				CLANG_ENABLE_OBJC_ARC = YES;
				CLANG_ENABLE_OBJC_WEAK = YES;
				CLANG_WARN_BLOCK_CAPTURE_AUTORELEASING = YES;
				CLANG_WARN_BOOL_CONVERSION = YES;
				CLANG_WARN_COMMA = YES;
				CLANG_WARN_CONSTANT_CONVERSION = YES;
				CLANG_WARN_DEPRECATED_OBJC_IMPLEMENTATIONS = YES;
				CLANG_WARN_DIRECT_OBJC_ISA_USAGE = YES_ERROR;
				CLANG_WARN_DOCUMENTATION_COMMENTS = YES;
				CLANG_WARN_EMPTY_BODY = YES;
				CLANG_WARN_ENUM_CONVERSION = YES;
				CLANG_WARN_INFINITE_RECURSION = YES;
				CLANG_WARN_INT_CONVERSION = YES;
				CLANG_WARN_NON_LITERAL_NULL_CONVERSION = YES;
				CLANG_WARN_OBJC_IMPLICIT_RETAIN_SELF = YES;
				CLANG_WARN_OBJC_LITERAL_CONVERSION = YES;
				CLANG_WARN_OBJC_ROOT_CLASS = YES_ERROR;
				CLANG_WARN_RANGE_LOOP_ANALYSIS = YES;
				CLANG_WARN_STRICT_PROTOTYPES = YES;
				CLANG_WARN_SUSPICIOUS_MOVE = YES;
				CLANG_WARN_UNGUARDED_AVAILABILITY = YES_AGGRESSIVE;
				CLANG_WARN_UNREACHABLE_CODE = YES;
				CLANG_WARN__DUPLICATE_METHOD_MATCH = YES;
				CODE_SIGN_IDENTITY = "iPhone Developer";
				COPY_PHASE_STRIP = NO;
				DEBUG_INFORMATION_FORMAT = dwarf;
				ENABLE_STRICT_OBJC_MSGSEND = YES;
				ENABLE_TESTABILITY = YES;
				GCC_C_LANGUAGE_STANDARD = gnu11;
				GCC_DYNAMIC_NO_PIC = NO;
				GCC_NO_COMMON_BLOCKS = YES;
				GCC_OPTIMIZATION_LEVEL = 0;
				GCC_PREPROCESSOR_DEFINITIONS = (
					"DEBUG=1",
					"$(inherited)",
				);
				GCC_WARN_64_TO_32_BIT_CONVERSION = YES;
				GCC_WARN_ABOUT_RETURN_TYPE = YES_ERROR;
				GCC_WARN_UNDECLARED_SELECTOR = YES;
				GCC_WARN_UNINITIALIZED_AUTOS = YES_AGGRESSIVE;
				GCC_WARN_UNUSED_FUNCTION = YES;
				GCC_WARN_UNUSED_VARIABLE = YES;
				IPHONEOS_DEPLOYMENT_TARGET = 12.1;
				MTL_ENABLE_DEBUG_INFO = INCLUDE_SOURCE;
				MTL_FAST_MATH = YES;
				ONLY_ACTIVE_ARCH = YES;
				SDKROOT = iphoneos;
				SWIFT_ACTIVE_COMPILATION_CONDITIONS = DEBUG;
				SWIFT_OPTIMIZATION_LEVEL = "-Onone";
			};
			name = Debug;
		};
		E88DBA71220DC5F9009F490E /* Release */ = {
			isa = XCBuildConfiguration;
			buildSettings = {
				ALWAYS_SEARCH_USER_PATHS = NO;
				CLANG_ANALYZER_NONNULL = YES;
				CLANG_ANALYZER_NUMBER_OBJECT_CONVERSION = YES_AGGRESSIVE;
				CLANG_CXX_LANGUAGE_STANDARD = "gnu++14";
				CLANG_CXX_LIBRARY = "libc++";
				CLANG_ENABLE_MODULES = YES;
				CLANG_ENABLE_OBJC_ARC = YES;
				CLANG_ENABLE_OBJC_WEAK = YES;
				CLANG_WARN_BLOCK_CAPTURE_AUTORELEASING = YES;
				CLANG_WARN_BOOL_CONVERSION = YES;
				CLANG_WARN_COMMA = YES;
				CLANG_WARN_CONSTANT_CONVERSION = YES;
				CLANG_WARN_DEPRECATED_OBJC_IMPLEMENTATIONS = YES;
				CLANG_WARN_DIRECT_OBJC_ISA_USAGE = YES_ERROR;
				CLANG_WARN_DOCUMENTATION_COMMENTS = YES;
				CLANG_WARN_EMPTY_BODY = YES;
				CLANG_WARN_ENUM_CONVERSION = YES;
				CLANG_WARN_INFINITE_RECURSION = YES;
				CLANG_WARN_INT_CONVERSION = YES;
				CLANG_WARN_NON_LITERAL_NULL_CONVERSION = YES;
				CLANG_WARN_OBJC_IMPLICIT_RETAIN_SELF = YES;
				CLANG_WARN_OBJC_LITERAL_CONVERSION = YES;
				CLANG_WARN_OBJC_ROOT_CLASS = YES_ERROR;
				CLANG_WARN_RANGE_LOOP_ANALYSIS = YES;
				CLANG_WARN_STRICT_PROTOTYPES = YES;
				CLANG_WARN_SUSPICIOUS_MOVE = YES;
				CLANG_WARN_UNGUARDED_AVAILABILITY = YES_AGGRESSIVE;
				CLANG_WARN_UNREACHABLE_CODE = YES;
				CLANG_WARN__DUPLICATE_METHOD_MATCH = YES;
				CODE_SIGN_IDENTITY = "iPhone Developer";
				COPY_PHASE_STRIP = NO;
				DEBUG_INFORMATION_FORMAT = "dwarf-with-dsym";
				ENABLE_NS_ASSERTIONS = NO;
				ENABLE_STRICT_OBJC_MSGSEND = YES;
				GCC_C_LANGUAGE_STANDARD = gnu11;
				GCC_NO_COMMON_BLOCKS = YES;
				GCC_WARN_64_TO_32_BIT_CONVERSION = YES;
				GCC_WARN_ABOUT_RETURN_TYPE = YES_ERROR;
				GCC_WARN_UNDECLARED_SELECTOR = YES;
				GCC_WARN_UNINITIALIZED_AUTOS = YES_AGGRESSIVE;
				GCC_WARN_UNUSED_FUNCTION = YES;
				GCC_WARN_UNUSED_VARIABLE = YES;
				IPHONEOS_DEPLOYMENT_TARGET = 12.1;
				MTL_ENABLE_DEBUG_INFO = NO;
				MTL_FAST_MATH = YES;
				SDKROOT = iphoneos;
				SWIFT_COMPILATION_MODE = wholemodule;
				SWIFT_OPTIMIZATION_LEVEL = "-O";
				VALIDATE_PRODUCT = YES;
			};
			name = Release;
		};
		E88DBA73220DC5F9009F490E /* Debug */ = {
			isa = XCBuildConfiguration;
			baseConfigurationReference = 7C4CF28F95B17FD023357BBB /* Pods-wedding.debug.xcconfig */;
			buildSettings = {
				ASSETCATALOG_COMPILER_APPICON_NAME = AppIcon;
				CODE_SIGN_STYLE = Automatic;
				DEVELOPMENT_TEAM = 299PJ79AAL;
				INFOPLIST_FILE = "$(SRCROOT)/Supporting Files/Info.plist";
				IPHONEOS_DEPLOYMENT_TARGET = 10.0;
				LD_RUNPATH_SEARCH_PATHS = (
					"$(inherited)",
					"@executable_path/Frameworks",
				);
				PRODUCT_BUNDLE_IDENTIFIER = com.uharris.wedding;
				PRODUCT_NAME = "ASO Conference";
				SWIFT_VERSION = 4.2;
				TARGETED_DEVICE_FAMILY = 1;
			};
			name = Debug;
		};
		E88DBA74220DC5F9009F490E /* Release */ = {
			isa = XCBuildConfiguration;
			baseConfigurationReference = 634C277DE5C66ED66716D2A0 /* Pods-wedding.release.xcconfig */;
			buildSettings = {
				ASSETCATALOG_COMPILER_APPICON_NAME = AppIcon;
				CODE_SIGN_STYLE = Automatic;
				DEVELOPMENT_TEAM = 299PJ79AAL;
				INFOPLIST_FILE = "$(SRCROOT)/Supporting Files/Info.plist";
				IPHONEOS_DEPLOYMENT_TARGET = 10.0;
				LD_RUNPATH_SEARCH_PATHS = (
					"$(inherited)",
					"@executable_path/Frameworks",
				);
				PRODUCT_BUNDLE_IDENTIFIER = com.uharris.wedding;
				PRODUCT_NAME = "ASO Conference";
				SWIFT_VERSION = 4.2;
				TARGETED_DEVICE_FAMILY = 1;
			};
			name = Release;
		};
		E88DBA76220DC5F9009F490E /* Debug */ = {
			isa = XCBuildConfiguration;
			baseConfigurationReference = 199DD9AB06017974E49BEDFE /* Pods-weddingTests.debug.xcconfig */;
			buildSettings = {
				ALWAYS_EMBED_SWIFT_STANDARD_LIBRARIES = YES;
				BUNDLE_LOADER = "$(TEST_HOST)";
				CODE_SIGN_STYLE = Automatic;
				INFOPLIST_FILE = weddingTests/Info.plist;
				LD_RUNPATH_SEARCH_PATHS = (
					"$(inherited)",
					"@executable_path/Frameworks",
					"@loader_path/Frameworks",
				);
				PRODUCT_BUNDLE_IDENTIFIER = com.uharris.weddingTests;
				PRODUCT_NAME = "$(TARGET_NAME)";
				SWIFT_VERSION = 4.2;
				TARGETED_DEVICE_FAMILY = "1,2";
				TEST_HOST = "$(BUILT_PRODUCTS_DIR)/wedding.app/wedding";
			};
			name = Debug;
		};
		E88DBA77220DC5F9009F490E /* Release */ = {
			isa = XCBuildConfiguration;
			baseConfigurationReference = 2C96B5EAF53A1A3FF6222048 /* Pods-weddingTests.release.xcconfig */;
			buildSettings = {
				ALWAYS_EMBED_SWIFT_STANDARD_LIBRARIES = YES;
				BUNDLE_LOADER = "$(TEST_HOST)";
				CODE_SIGN_STYLE = Automatic;
				INFOPLIST_FILE = weddingTests/Info.plist;
				LD_RUNPATH_SEARCH_PATHS = (
					"$(inherited)",
					"@executable_path/Frameworks",
					"@loader_path/Frameworks",
				);
				PRODUCT_BUNDLE_IDENTIFIER = com.uharris.weddingTests;
				PRODUCT_NAME = "$(TARGET_NAME)";
				SWIFT_VERSION = 4.2;
				TARGETED_DEVICE_FAMILY = "1,2";
				TEST_HOST = "$(BUILT_PRODUCTS_DIR)/wedding.app/wedding";
			};
			name = Release;
		};
		E88DBA79220DC5F9009F490E /* Debug */ = {
			isa = XCBuildConfiguration;
			baseConfigurationReference = 2F368B9E3E0E9A7342FDBA75 /* Pods-weddingUITests.debug.xcconfig */;
			buildSettings = {
				ALWAYS_EMBED_SWIFT_STANDARD_LIBRARIES = YES;
				CODE_SIGN_STYLE = Automatic;
				INFOPLIST_FILE = weddingUITests/Info.plist;
				LD_RUNPATH_SEARCH_PATHS = (
					"$(inherited)",
					"@executable_path/Frameworks",
					"@loader_path/Frameworks",
				);
				PRODUCT_BUNDLE_IDENTIFIER = com.uharris.weddingUITests;
				PRODUCT_NAME = "$(TARGET_NAME)";
				SWIFT_VERSION = 4.2;
				TARGETED_DEVICE_FAMILY = "1,2";
				TEST_TARGET_NAME = wedding;
			};
			name = Debug;
		};
		E88DBA7A220DC5F9009F490E /* Release */ = {
			isa = XCBuildConfiguration;
			baseConfigurationReference = 9ABACAF71244778CBD612DD2 /* Pods-weddingUITests.release.xcconfig */;
			buildSettings = {
				ALWAYS_EMBED_SWIFT_STANDARD_LIBRARIES = YES;
				CODE_SIGN_STYLE = Automatic;
				INFOPLIST_FILE = weddingUITests/Info.plist;
				LD_RUNPATH_SEARCH_PATHS = (
					"$(inherited)",
					"@executable_path/Frameworks",
					"@loader_path/Frameworks",
				);
				PRODUCT_BUNDLE_IDENTIFIER = com.uharris.weddingUITests;
				PRODUCT_NAME = "$(TARGET_NAME)";
				SWIFT_VERSION = 4.2;
				TARGETED_DEVICE_FAMILY = "1,2";
				TEST_TARGET_NAME = wedding;
			};
			name = Release;
		};
/* End XCBuildConfiguration section */

/* Begin XCConfigurationList section */
		E88DBA45220DC5F7009F490E /* Build configuration list for PBXProject "wedding" */ = {
			isa = XCConfigurationList;
			buildConfigurations = (
				E88DBA70220DC5F9009F490E /* Debug */,
				E88DBA71220DC5F9009F490E /* Release */,
			);
			defaultConfigurationIsVisible = 0;
			defaultConfigurationName = Release;
		};
		E88DBA72220DC5F9009F490E /* Build configuration list for PBXNativeTarget "wedding" */ = {
			isa = XCConfigurationList;
			buildConfigurations = (
				E88DBA73220DC5F9009F490E /* Debug */,
				E88DBA74220DC5F9009F490E /* Release */,
			);
			defaultConfigurationIsVisible = 0;
			defaultConfigurationName = Release;
		};
		E88DBA75220DC5F9009F490E /* Build configuration list for PBXNativeTarget "weddingTests" */ = {
			isa = XCConfigurationList;
			buildConfigurations = (
				E88DBA76220DC5F9009F490E /* Debug */,
				E88DBA77220DC5F9009F490E /* Release */,
			);
			defaultConfigurationIsVisible = 0;
			defaultConfigurationName = Release;
		};
		E88DBA78220DC5F9009F490E /* Build configuration list for PBXNativeTarget "weddingUITests" */ = {
			isa = XCConfigurationList;
			buildConfigurations = (
				E88DBA79220DC5F9009F490E /* Debug */,
				E88DBA7A220DC5F9009F490E /* Release */,
			);
			defaultConfigurationIsVisible = 0;
			defaultConfigurationName = Release;
		};
/* End XCConfigurationList section */
	};
	rootObject = E88DBA42220DC5F7009F490E /* Project object */;
}
